
Microsoft Visual Studio Solution File, Format Version 12.00
# Visual Studio Version 16
VisualStudioVersion = 16.0.29215.179
MinimumVisualStudioVersion = 10.0.40219.1
Project("{FAE04EC0-301F-11D3-BF4B-00C04F79EFBC}") = "Gruppeoppgave1", "Gruppeoppgave1.csproj", "{AFAAA0C5-40A8-4E21-ABC1-22006F771B2D}"
EndProject
Global
	GlobalSection(SolutionConfigurationPlatforms) = preSolution
		Debug|Any CPU = Debug|Any CPU
		Release|Any CPU = Release|Any CPU
	EndGlobalSection
	GlobalSection(ProjectConfigurationPlatforms) = postSolution
		{AFAAA0C5-40A8-4E21-ABC1-22006F771B2D}.Debug|Any CPU.ActiveCfg = Debug|Any CPU
		{AFAAA0C5-40A8-4E21-ABC1-22006F771B2D}.Debug|Any CPU.Build.0 = Debug|Any CPU
		{AFAAA0C5-40A8-4E21-ABC1-22006F771B2D}.Release|Any CPU.ActiveCfg = Release|Any CPU
		{AFAAA0C5-40A8-4E21-ABC1-22006F771B2D}.Release|Any CPU.Build.0 = Release|Any CPU
	EndGlobalSection
	GlobalSection(SolutionProperties) = preSolution
		HideSolutionNode = FALSE
	EndGlobalSection
	GlobalSection(ExtensibilityGlobals) = postSolution
		SolutionGuid = {BA60F1D1-E29C-4FFA-B4C1-9DCD477DFA73}
	EndGlobalSection
EndGlobal
