
Microsoft Visual Studio Solution File, Format Version 12.00
# Visual Studio Version 16
VisualStudioVersion = 16.0.29215.179
MinimumVisualStudioVersion = 10.0.40219.1
Project("{FAE04EC0-301F-11D3-BF4B-00C04F79EFBC}") = "Gruppeoppgave1", "Gruppeoppgave1.csproj", "{AFAAA0C5-40A8-4E21-ABC1-22006F771B2D}"
EndProject
Project("{FAE04EC0-301F-11D3-BF4B-00C04F79EFBC}") = "DAL", "..\DAL\DAL.csproj", "{20E2409F-F48B-4084-BCA6-206421CD0B73}"
EndProject
Project("{FAE04EC0-301F-11D3-BF4B-00C04F79EFBC}") = "BLL", "..\BLL\BLL.csproj", "{AEBE979D-C042-4573-84B5-2DF28130AE3F}"
EndProject
Project("{FAE04EC0-301F-11D3-BF4B-00C04F79EFBC}") = "Model", "..\Model\Model.csproj", "{90730E24-0E0C-45EF-A2FC-66289E42CA16}"
EndProject
Project("{FAE04EC0-301F-11D3-BF4B-00C04F79EFBC}") = "Enhetstest", "..\Enhetstest\Enhetstest.csproj", "{2E8E4FCD-9BB8-4FC8-A697-7CDEDC94FB99}"
EndProject
Global
	GlobalSection(SolutionConfigurationPlatforms) = preSolution
		Debug|Any CPU = Debug|Any CPU
		Release|Any CPU = Release|Any CPU
	EndGlobalSection
	GlobalSection(ProjectConfigurationPlatforms) = postSolution
		{AFAAA0C5-40A8-4E21-ABC1-22006F771B2D}.Debug|Any CPU.ActiveCfg = Debug|Any CPU
		{AFAAA0C5-40A8-4E21-ABC1-22006F771B2D}.Debug|Any CPU.Build.0 = Debug|Any CPU
		{AFAAA0C5-40A8-4E21-ABC1-22006F771B2D}.Release|Any CPU.ActiveCfg = Release|Any CPU
		{AFAAA0C5-40A8-4E21-ABC1-22006F771B2D}.Release|Any CPU.Build.0 = Release|Any CPU
		{20E2409F-F48B-4084-BCA6-206421CD0B73}.Debug|Any CPU.ActiveCfg = Debug|Any CPU
		{20E2409F-F48B-4084-BCA6-206421CD0B73}.Debug|Any CPU.Build.0 = Debug|Any CPU
		{20E2409F-F48B-4084-BCA6-206421CD0B73}.Release|Any CPU.ActiveCfg = Release|Any CPU
		{20E2409F-F48B-4084-BCA6-206421CD0B73}.Release|Any CPU.Build.0 = Release|Any CPU
		{AEBE979D-C042-4573-84B5-2DF28130AE3F}.Debug|Any CPU.ActiveCfg = Debug|Any CPU
		{AEBE979D-C042-4573-84B5-2DF28130AE3F}.Debug|Any CPU.Build.0 = Debug|Any CPU
		{AEBE979D-C042-4573-84B5-2DF28130AE3F}.Release|Any CPU.ActiveCfg = Release|Any CPU
		{AEBE979D-C042-4573-84B5-2DF28130AE3F}.Release|Any CPU.Build.0 = Release|Any CPU
		{90730E24-0E0C-45EF-A2FC-66289E42CA16}.Debug|Any CPU.ActiveCfg = Debug|Any CPU
		{90730E24-0E0C-45EF-A2FC-66289E42CA16}.Debug|Any CPU.Build.0 = Debug|Any CPU
		{90730E24-0E0C-45EF-A2FC-66289E42CA16}.Release|Any CPU.ActiveCfg = Release|Any CPU
		{90730E24-0E0C-45EF-A2FC-66289E42CA16}.Release|Any CPU.Build.0 = Release|Any CPU
		{2E8E4FCD-9BB8-4FC8-A697-7CDEDC94FB99}.Debug|Any CPU.ActiveCfg = Debug|Any CPU
		{2E8E4FCD-9BB8-4FC8-A697-7CDEDC94FB99}.Debug|Any CPU.Build.0 = Debug|Any CPU
		{2E8E4FCD-9BB8-4FC8-A697-7CDEDC94FB99}.Release|Any CPU.ActiveCfg = Release|Any CPU
		{2E8E4FCD-9BB8-4FC8-A697-7CDEDC94FB99}.Release|Any CPU.Build.0 = Release|Any CPU
	EndGlobalSection
	GlobalSection(SolutionProperties) = preSolution
		HideSolutionNode = FALSE
	EndGlobalSection
	GlobalSection(ExtensibilityGlobals) = postSolution
		SolutionGuid = {BA60F1D1-E29C-4FFA-B4C1-9DCD477DFA73}
	EndGlobalSection
EndGlobal
